// !$*UTF8*$!
{
	archiveVersion = 1;
	classes = {
	};
	objectVersion = 56;
	objects = {

/* Begin PBXBuildFile section */
		D92E95412A5087DF0058D7AA /* AllCoinsView.swift in Sources */ = {isa = PBXBuildFile; fileRef = D92E95402A5087DF0058D7AA /* AllCoinsView.swift */; };
		D92E95432A5087EE0058D7AA /* CoinRowView.swift in Sources */ = {isa = PBXBuildFile; fileRef = D92E95422A5087EE0058D7AA /* CoinRowView.swift */; };
		D92E95452A508DDE0058D7AA /* HomeViewModel.swift in Sources */ = {isa = PBXBuildFile; fileRef = D92E95442A508DDE0058D7AA /* HomeViewModel.swift */; };
		D99A744A2A4F7BFA0047E4BA /* SwiftCoinApp.swift in Sources */ = {isa = PBXBuildFile; fileRef = D99A74492A4F7BFA0047E4BA /* SwiftCoinApp.swift */; };
		D99A744C2A4F7BFA0047E4BA /* ContentView.swift in Sources */ = {isa = PBXBuildFile; fileRef = D99A744B2A4F7BFA0047E4BA /* ContentView.swift */; };
		D99A744E2A4F7BFE0047E4BA /* Assets.xcassets in Resources */ = {isa = PBXBuildFile; fileRef = D99A744D2A4F7BFE0047E4BA /* Assets.xcassets */; };
		D99A74512A4F7BFE0047E4BA /* Preview Assets.xcassets in Resources */ = {isa = PBXBuildFile; fileRef = D99A74502A4F7BFE0047E4BA /* Preview Assets.xcassets */; };
		D99A74602A4F7D530047E4BA /* HomeView.swift in Sources */ = {isa = PBXBuildFile; fileRef = D99A745F2A4F7D530047E4BA /* HomeView.swift */; };
		D99A74622A4F7E450047E4BA /* TopMoversView.swift in Sources */ = {isa = PBXBuildFile; fileRef = D99A74612A4F7E450047E4BA /* TopMoversView.swift */; };
		D99A74642A4F7E530047E4BA /* TopMoversItemView.swift in Sources */ = {isa = PBXBuildFile; fileRef = D99A74632A4F7E530047E4BA /* TopMoversItemView.swift */; };
/* End PBXBuildFile section */

/* Begin PBXFileReference section */
		D92E95402A5087DF0058D7AA /* AllCoinsView.swift */ = {isa = PBXFileReference; lastKnownFileType = sourcecode.swift; path = AllCoinsView.swift; sourceTree = "<group>"; };
		D92E95422A5087EE0058D7AA /* CoinRowView.swift */ = {isa = PBXFileReference; lastKnownFileType = sourcecode.swift; path = CoinRowView.swift; sourceTree = "<group>"; };
		D92E95442A508DDE0058D7AA /* HomeViewModel.swift */ = {isa = PBXFileReference; lastKnownFileType = sourcecode.swift; path = HomeViewModel.swift; sourceTree = "<group>"; };
		D99A74462A4F7BFA0047E4BA /* SwiftCoin.app */ = {isa = PBXFileReference; explicitFileType = wrapper.application; includeInIndex = 0; path = SwiftCoin.app; sourceTree = BUILT_PRODUCTS_DIR; };
		D99A74492A4F7BFA0047E4BA /* SwiftCoinApp.swift */ = {isa = PBXFileReference; lastKnownFileType = sourcecode.swift; path = SwiftCoinApp.swift; sourceTree = "<group>"; };
		D99A744B2A4F7BFA0047E4BA /* ContentView.swift */ = {isa = PBXFileReference; lastKnownFileType = sourcecode.swift; path = ContentView.swift; sourceTree = "<group>"; };
		D99A744D2A4F7BFE0047E4BA /* Assets.xcassets */ = {isa = PBXFileReference; lastKnownFileType = folder.assetcatalog; path = Assets.xcassets; sourceTree = "<group>"; };
		D99A74502A4F7BFE0047E4BA /* Preview Assets.xcassets */ = {isa = PBXFileReference; lastKnownFileType = folder.assetcatalog; path = "Preview Assets.xcassets"; sourceTree = "<group>"; };
		D99A745F2A4F7D530047E4BA /* HomeView.swift */ = {isa = PBXFileReference; lastKnownFileType = sourcecode.swift; path = HomeView.swift; sourceTree = "<group>"; };
		D99A74612A4F7E450047E4BA /* TopMoversView.swift */ = {isa = PBXFileReference; lastKnownFileType = sourcecode.swift; path = TopMoversView.swift; sourceTree = "<group>"; };
		D99A74632A4F7E530047E4BA /* TopMoversItemView.swift */ = {isa = PBXFileReference; lastKnownFileType = sourcecode.swift; path = TopMoversItemView.swift; sourceTree = "<group>"; };
/* End PBXFileReference section */

/* Begin PBXFrameworksBuildPhase section */
		D99A74432A4F7BFA0047E4BA /* Frameworks */ = {
			isa = PBXFrameworksBuildPhase;
			buildActionMask = 2147483647;
			files = (
			);
			runOnlyForDeploymentPostprocessing = 0;
		};
/* End PBXFrameworksBuildPhase section */

/* Begin PBXGroup section */
		D99A743D2A4F7BFA0047E4BA = {
			isa = PBXGroup;
			children = (
				D99A74482A4F7BFA0047E4BA /* SwiftCoin */,
				D99A74472A4F7BFA0047E4BA /* Products */,
			);
			sourceTree = "<group>";
		};
		D99A74472A4F7BFA0047E4BA /* Products */ = {
			isa = PBXGroup;
			children = (
				D99A74462A4F7BFA0047E4BA /* SwiftCoin.app */,
			);
			name = Products;
			sourceTree = "<group>";
		};
		D99A74482A4F7BFA0047E4BA /* SwiftCoin */ = {
			isa = PBXGroup;
			children = (
				D99A745B2A4F7C3F0047E4BA /* Utils */,
				D99A745A2A4F7C3A0047E4BA /* Extensions */,
				D99A74592A4F7C360047E4BA /* Models */,
				D99A74582A4F7C330047E4BA /* Core */,
				D99A74572A4F7C2F0047E4BA /* App */,
				D99A744B2A4F7BFA0047E4BA /* ContentView.swift */,
				D99A744D2A4F7BFE0047E4BA /* Assets.xcassets */,
				D99A744F2A4F7BFE0047E4BA /* Preview Content */,
			);
			path = SwiftCoin;
			sourceTree = "<group>";
		};
		D99A744F2A4F7BFE0047E4BA /* Preview Content */ = {
			isa = PBXGroup;
			children = (
				D99A74502A4F7BFE0047E4BA /* Preview Assets.xcassets */,
			);
			path = "Preview Content";
			sourceTree = "<group>";
		};
		D99A74572A4F7C2F0047E4BA /* App */ = {
			isa = PBXGroup;
			children = (
				D99A74492A4F7BFA0047E4BA /* SwiftCoinApp.swift */,
			);
			path = App;
			sourceTree = "<group>";
		};
		D99A74582A4F7C330047E4BA /* Core */ = {
			isa = PBXGroup;
			children = (
				D99A745C2A4F7C7C0047E4BA /* Home */,
			);
			path = Core;
			sourceTree = "<group>";
		};
		D99A74592A4F7C360047E4BA /* Models */ = {
			isa = PBXGroup;
			children = (
			);
			path = Models;
			sourceTree = "<group>";
		};
		D99A745A2A4F7C3A0047E4BA /* Extensions */ = {
			isa = PBXGroup;
			children = (
			);
			path = Extensions;
			sourceTree = "<group>";
		};
		D99A745B2A4F7C3F0047E4BA /* Utils */ = {
			isa = PBXGroup;
			children = (
			);
			path = Utils;
			sourceTree = "<group>";
		};
		D99A745C2A4F7C7C0047E4BA /* Home */ = {
			isa = PBXGroup;
			children = (
				D99A745E2A4F7D350047E4BA /* ViewModels */,
				D99A745D2A4F7D2D0047E4BA /* Views */,
			);
			path = Home;
			sourceTree = "<group>";
		};
		D99A745D2A4F7D2D0047E4BA /* Views */ = {
			isa = PBXGroup;
			children = (
				D99A745F2A4F7D530047E4BA /* HomeView.swift */,
				D99A74612A4F7E450047E4BA /* TopMoversView.swift */,
				D99A74632A4F7E530047E4BA /* TopMoversItemView.swift */,
				D92E95402A5087DF0058D7AA /* AllCoinsView.swift */,
				D92E95422A5087EE0058D7AA /* CoinRowView.swift */,
			);
			path = Views;
			sourceTree = "<group>";
		};
		D99A745E2A4F7D350047E4BA /* ViewModels */ = {
			isa = PBXGroup;
			children = (
				D92E95442A508DDE0058D7AA /* HomeViewModel.swift */,
			);
			path = ViewModels;
			sourceTree = "<group>";
		};
/* End PBXGroup section */

/* Begin PBXNativeTarget section */
		D99A74452A4F7BFA0047E4BA /* SwiftCoin */ = {
			isa = PBXNativeTarget;
			buildConfigurationList = D99A74542A4F7BFE0047E4BA /* Build configuration list for PBXNativeTarget "SwiftCoin" */;
			buildPhases = (
				D99A74422A4F7BFA0047E4BA /* Sources */,
				D99A74432A4F7BFA0047E4BA /* Frameworks */,
				D99A74442A4F7BFA0047E4BA /* Resources */,
			);
			buildRules = (
			);
			dependencies = (
			);
			name = SwiftCoin;
			productName = SwiftCoin;
			productReference = D99A74462A4F7BFA0047E4BA /* SwiftCoin.app */;
			productType = "com.apple.product-type.application";
		};
/* End PBXNativeTarget section */

/* Begin PBXProject section */
		D99A743E2A4F7BFA0047E4BA /* Project object */ = {
			isa = PBXProject;
			attributes = {
				BuildIndependentTargetsInParallel = 1;
				LastSwiftUpdateCheck = 1500;
				LastUpgradeCheck = 1500;
				TargetAttributes = {
					D99A74452A4F7BFA0047E4BA = {
						CreatedOnToolsVersion = 15.0;
					};
				};
			};
			buildConfigurationList = D99A74412A4F7BFA0047E4BA /* Build configuration list for PBXProject "SwiftCoin" */;
			compatibilityVersion = "Xcode 14.0";
			developmentRegion = en;
			hasScannedForEncodings = 0;
			knownRegions = (
				en,
				Base,
			);
			mainGroup = D99A743D2A4F7BFA0047E4BA;
			productRefGroup = D99A74472A4F7BFA0047E4BA /* Products */;
			projectDirPath = "";
			projectRoot = "";
			targets = (
				D99A74452A4F7BFA0047E4BA /* SwiftCoin */,
			);
		};
/* End PBXProject section */

/* Begin PBXResourcesBuildPhase section */
		D99A74442A4F7BFA0047E4BA /* Resources */ = {
			isa = PBXResourcesBuildPhase;
			buildActionMask = 2147483647;
			files = (
				D99A74512A4F7BFE0047E4BA /* Preview Assets.xcassets in Resources */,
				D99A744E2A4F7BFE0047E4BA /* Assets.xcassets in Resources */,
			);
			runOnlyForDeploymentPostprocessing = 0;
		};
/* End PBXResourcesBuildPhase section */

/* Begin PBXSourcesBuildPhase section */
		D99A74422A4F7BFA0047E4BA /* Sources */ = {
			isa = PBXSourcesBuildPhase;
			buildActionMask = 2147483647;
			files = (
				D99A74622A4F7E450047E4BA /* TopMoversView.swift in Sources */,
				D92E95412A5087DF0058D7AA /* AllCoinsView.swift in Sources */,
				D99A74602A4F7D530047E4BA /* HomeView.swift in Sources */,
				D92E95452A508DDE0058D7AA /* HomeViewModel.swift in Sources */,
				D99A744C2A4F7BFA0047E4BA /* ContentView.swift in Sources */,
				D99A744A2A4F7BFA0047E4BA /* SwiftCoinApp.swift in Sources */,
				D92E95432A5087EE0058D7AA /* CoinRowView.swift in Sources */,
				D99A74642A4F7E530047E4BA /* TopMoversItemView.swift in Sources */,
			);
			runOnlyForDeploymentPostprocessing = 0;
		};
/* End PBXSourcesBuildPhase section */

/* Begin XCBuildConfiguration section */
		D99A74522A4F7BFE0047E4BA /* Debug */ = {
			isa = XCBuildConfiguration;
			buildSettings = {
				ALWAYS_SEARCH_USER_PATHS = NO;
				ASSETCATALOG_COMPILER_GENERATE_SWIFT_ASSET_SYMBOL_EXTENSIONS = YES;
				CLANG_ANALYZER_NONNULL = YES;
				CLANG_ANALYZER_NUMBER_OBJECT_CONVERSION = YES_AGGRESSIVE;
				CLANG_CXX_LANGUAGE_STANDARD = "gnu++20";
				CLANG_ENABLE_MODULES = YES;
				CLANG_ENABLE_OBJC_ARC = YES;
				CLANG_ENABLE_OBJC_WEAK = YES;
				CLANG_WARN_BLOCK_CAPTURE_AUTORELEASING = YES;
				CLANG_WARN_BOOL_CONVERSION = YES;
				CLANG_WARN_COMMA = YES;
				CLANG_WARN_CONSTANT_CONVERSION = YES;
				CLANG_WARN_DEPRECATED_OBJC_IMPLEMENTATIONS = YES;
				CLANG_WARN_DIRECT_OBJC_ISA_USAGE = YES_ERROR;
				CLANG_WARN_DOCUMENTATION_COMMENTS = YES;
				CLANG_WARN_EMPTY_BODY = YES;
				CLANG_WARN_ENUM_CONVERSION = YES;
				CLANG_WARN_INFINITE_RECURSION = YES;
				CLANG_WARN_INT_CONVERSION = YES;
				CLANG_WARN_NON_LITERAL_NULL_CONVERSION = YES;
				CLANG_WARN_OBJC_IMPLICIT_RETAIN_SELF = YES;
				CLANG_WARN_OBJC_LITERAL_CONVERSION = YES;
				CLANG_WARN_OBJC_ROOT_CLASS = YES_ERROR;
				CLANG_WARN_QUOTED_INCLUDE_IN_FRAMEWORK_HEADER = YES;
				CLANG_WARN_RANGE_LOOP_ANALYSIS = YES;
				CLANG_WARN_STRICT_PROTOTYPES = YES;
				CLANG_WARN_SUSPICIOUS_MOVE = YES;
				CLANG_WARN_UNGUARDED_AVAILABILITY = YES_AGGRESSIVE;
				CLANG_WARN_UNREACHABLE_CODE = YES;
				CLANG_WARN__DUPLICATE_METHOD_MATCH = YES;
				COPY_PHASE_STRIP = NO;
				DEBUG_INFORMATION_FORMAT = dwarf;
				ENABLE_STRICT_OBJC_MSGSEND = YES;
				ENABLE_TESTABILITY = YES;
				ENABLE_USER_SCRIPT_SANDBOXING = YES;
				GCC_C_LANGUAGE_STANDARD = gnu17;
				GCC_DYNAMIC_NO_PIC = NO;
				GCC_NO_COMMON_BLOCKS = YES;
				GCC_OPTIMIZATION_LEVEL = 0;
				GCC_PREPROCESSOR_DEFINITIONS = (
					"DEBUG=1",
					"$(inherited)",
				);
				GCC_WARN_64_TO_32_BIT_CONVERSION = YES;
				GCC_WARN_ABOUT_RETURN_TYPE = YES_ERROR;
				GCC_WARN_UNDECLARED_SELECTOR = YES;
				GCC_WARN_UNINITIALIZED_AUTOS = YES_AGGRESSIVE;
				GCC_WARN_UNUSED_FUNCTION = YES;
				GCC_WARN_UNUSED_VARIABLE = YES;
				IPHONEOS_DEPLOYMENT_TARGET = 17.0;
				LOCALIZATION_PREFERS_STRING_CATALOGS = YES;
				MTL_ENABLE_DEBUG_INFO = INCLUDE_SOURCE;
				MTL_FAST_MATH = YES;
				ONLY_ACTIVE_ARCH = YES;
				SDKROOT = iphoneos;
				SWIFT_ACTIVE_COMPILATION_CONDITIONS = "DEBUG $(inherited)";
				SWIFT_OPTIMIZATION_LEVEL = "-Onone";
			};
			name = Debug;
		};
		D99A74532A4F7BFE0047E4BA /* Release */ = {
			isa = XCBuildConfiguration;
			buildSettings = {
				ALWAYS_SEARCH_USER_PATHS = NO;
				ASSETCATALOG_COMPILER_GENERATE_SWIFT_ASSET_SYMBOL_EXTENSIONS = YES;
				CLANG_ANALYZER_NONNULL = YES;
				CLANG_ANALYZER_NUMBER_OBJECT_CONVERSION = YES_AGGRESSIVE;
				CLANG_CXX_LANGUAGE_STANDARD = "gnu++20";
				CLANG_ENABLE_MODULES = YES;
				CLANG_ENABLE_OBJC_ARC = YES;
				CLANG_ENABLE_OBJC_WEAK = YES;
				CLANG_WARN_BLOCK_CAPTURE_AUTORELEASING = YES;
				CLANG_WARN_BOOL_CONVERSION = YES;
				CLANG_WARN_COMMA = YES;
				CLANG_WARN_CONSTANT_CONVERSION = YES;
				CLANG_WARN_DEPRECATED_OBJC_IMPLEMENTATIONS = YES;
				CLANG_WARN_DIRECT_OBJC_ISA_USAGE = YES_ERROR;
				CLANG_WARN_DOCUMENTATION_COMMENTS = YES;
				CLANG_WARN_EMPTY_BODY = YES;
				CLANG_WARN_ENUM_CONVERSION = YES;
				CLANG_WARN_INFINITE_RECURSION = YES;
				CLANG_WARN_INT_CONVERSION = YES;
				CLANG_WARN_NON_LITERAL_NULL_CONVERSION = YES;
				CLANG_WARN_OBJC_IMPLICIT_RETAIN_SELF = YES;
				CLANG_WARN_OBJC_LITERAL_CONVERSION = YES;
				CLANG_WARN_OBJC_ROOT_CLASS = YES_ERROR;
				CLANG_WARN_QUOTED_INCLUDE_IN_FRAMEWORK_HEADER = YES;
				CLANG_WARN_RANGE_LOOP_ANALYSIS = YES;
				CLANG_WARN_STRICT_PROTOTYPES = YES;
				CLANG_WARN_SUSPICIOUS_MOVE = YES;
				CLANG_WARN_UNGUARDED_AVAILABILITY = YES_AGGRESSIVE;
				CLANG_WARN_UNREACHABLE_CODE = YES;
				CLANG_WARN__DUPLICATE_METHOD_MATCH = YES;
				COPY_PHASE_STRIP = NO;
				DEBUG_INFORMATION_FORMAT = "dwarf-with-dsym";
				ENABLE_NS_ASSERTIONS = NO;
				ENABLE_STRICT_OBJC_MSGSEND = YES;
				ENABLE_USER_SCRIPT_SANDBOXING = YES;
				GCC_C_LANGUAGE_STANDARD = gnu17;
				GCC_NO_COMMON_BLOCKS = YES;
				GCC_WARN_64_TO_32_BIT_CONVERSION = YES;
				GCC_WARN_ABOUT_RETURN_TYPE = YES_ERROR;
				GCC_WARN_UNDECLARED_SELECTOR = YES;
				GCC_WARN_UNINITIALIZED_AUTOS = YES_AGGRESSIVE;
				GCC_WARN_UNUSED_FUNCTION = YES;
				GCC_WARN_UNUSED_VARIABLE = YES;
				IPHONEOS_DEPLOYMENT_TARGET = 17.0;
				LOCALIZATION_PREFERS_STRING_CATALOGS = YES;
				MTL_ENABLE_DEBUG_INFO = NO;
				MTL_FAST_MATH = YES;
				SDKROOT = iphoneos;
				SWIFT_COMPILATION_MODE = wholemodule;
				VALIDATE_PRODUCT = YES;
			};
			name = Release;
		};
		D99A74552A4F7BFE0047E4BA /* Debug */ = {
			isa = XCBuildConfiguration;
			buildSettings = {
				ASSETCATALOG_COMPILER_APPICON_NAME = AppIcon;
				ASSETCATALOG_COMPILER_GLOBAL_ACCENT_COLOR_NAME = AccentColor;
				CODE_SIGN_STYLE = Automatic;
				CURRENT_PROJECT_VERSION = 1;
				DEVELOPMENT_ASSET_PATHS = "\"SwiftCoin/Preview Content\"";
				DEVELOPMENT_TEAM = PXRQXW2P3Y;
				ENABLE_PREVIEWS = YES;
				GENERATE_INFOPLIST_FILE = YES;
				INFOPLIST_KEY_UIApplicationSceneManifest_Generation = YES;
				INFOPLIST_KEY_UIApplicationSupportsIndirectInputEvents = YES;
				INFOPLIST_KEY_UILaunchScreen_Generation = YES;
				INFOPLIST_KEY_UISupportedInterfaceOrientations_iPad = "UIInterfaceOrientationPortrait UIInterfaceOrientationPortraitUpsideDown UIInterfaceOrientationLandscapeLeft UIInterfaceOrientationLandscapeRight";
				INFOPLIST_KEY_UISupportedInterfaceOrientations_iPhone = "UIInterfaceOrientationPortrait UIInterfaceOrientationLandscapeLeft UIInterfaceOrientationLandscapeRight";
				LD_RUNPATH_SEARCH_PATHS = (
					"$(inherited)",
					"@executable_path/Frameworks",
				);
				MARKETING_VERSION = 1.0;
				PRODUCT_BUNDLE_IDENTIFIER = com.shauryagupta.SwiftCoin;
				PRODUCT_NAME = "$(TARGET_NAME)";
				SWIFT_EMIT_LOC_STRINGS = YES;
				SWIFT_VERSION = 5.0;
				TARGETED_DEVICE_FAMILY = "1,2";
			};
			name = Debug;
		};
		D99A74562A4F7BFE0047E4BA /* Release */ = {
			isa = XCBuildConfiguration;
			buildSettings = {
				ASSETCATALOG_COMPILER_APPICON_NAME = AppIcon;
				ASSETCATALOG_COMPILER_GLOBAL_ACCENT_COLOR_NAME = AccentColor;
				CODE_SIGN_STYLE = Automatic;
				CURRENT_PROJECT_VERSION = 1;
				DEVELOPMENT_ASSET_PATHS = "\"SwiftCoin/Preview Content\"";
				DEVELOPMENT_TEAM = PXRQXW2P3Y;
				ENABLE_PREVIEWS = YES;
				GENERATE_INFOPLIST_FILE = YES;
				INFOPLIST_KEY_UIApplicationSceneManifest_Generation = YES;
				INFOPLIST_KEY_UIApplicationSupportsIndirectInputEvents = YES;
				INFOPLIST_KEY_UILaunchScreen_Generation = YES;
				INFOPLIST_KEY_UISupportedInterfaceOrientations_iPad = "UIInterfaceOrientationPortrait UIInterfaceOrientationPortraitUpsideDown UIInterfaceOrientationLandscapeLeft UIInterfaceOrientationLandscapeRight";
				INFOPLIST_KEY_UISupportedInterfaceOrientations_iPhone = "UIInterfaceOrientationPortrait UIInterfaceOrientationLandscapeLeft UIInterfaceOrientationLandscapeRight";
				LD_RUNPATH_SEARCH_PATHS = (
					"$(inherited)",
					"@executable_path/Frameworks",
				);
				MARKETING_VERSION = 1.0;
				PRODUCT_BUNDLE_IDENTIFIER = com.shauryagupta.SwiftCoin;
				PRODUCT_NAME = "$(TARGET_NAME)";
				SWIFT_EMIT_LOC_STRINGS = YES;
				SWIFT_VERSION = 5.0;
				TARGETED_DEVICE_FAMILY = "1,2";
			};
			name = Release;
		};
/* End XCBuildConfiguration section */

/* Begin XCConfigurationList section */
		D99A74412A4F7BFA0047E4BA /* Build configuration list for PBXProject "SwiftCoin" */ = {
			isa = XCConfigurationList;
			buildConfigurations = (
				D99A74522A4F7BFE0047E4BA /* Debug */,
				D99A74532A4F7BFE0047E4BA /* Release */,
			);
			defaultConfigurationIsVisible = 0;
			defaultConfigurationName = Release;
		};
		D99A74542A4F7BFE0047E4BA /* Build configuration list for PBXNativeTarget "SwiftCoin" */ = {
			isa = XCConfigurationList;
			buildConfigurations = (
				D99A74552A4F7BFE0047E4BA /* Debug */,
				D99A74562A4F7BFE0047E4BA /* Release */,
			);
			defaultConfigurationIsVisible = 0;
			defaultConfigurationName = Release;
		};
/* End XCConfigurationList section */
	};
	rootObject = D99A743E2A4F7BFA0047E4BA /* Project object */;
}
